
Microsoft Visual Studio Solution File, Format Version 12.00
# Visual Studio Version 16
VisualStudioVersion = 16.0.30621.155
MinimumVisualStudioVersion = 10.0.40219.1
Project("{F2A71F9B-5D33-465A-A702-920D77279786}") = "Pastry", "Pastry\Pastry.fsproj", "{EB42CB23-D548-407A-A5B5-25DAB6AA6997}"
EndProject
Global
	GlobalSection(SolutionConfigurationPlatforms) = preSolution
		Debug|Any CPU = Debug|Any CPU
		Release|Any CPU = Release|Any CPU
	EndGlobalSection
	GlobalSection(ProjectConfigurationPlatforms) = postSolution
		{EB42CB23-D548-407A-A5B5-25DAB6AA6997}.Debug|Any CPU.ActiveCfg = Debug|Any CPU
		{EB42CB23-D548-407A-A5B5-25DAB6AA6997}.Debug|Any CPU.Build.0 = Debug|Any CPU
		{EB42CB23-D548-407A-A5B5-25DAB6AA6997}.Release|Any CPU.ActiveCfg = Release|Any CPU
		{EB42CB23-D548-407A-A5B5-25DAB6AA6997}.Release|Any CPU.Build.0 = Release|Any CPU
	EndGlobalSection
	GlobalSection(SolutionProperties) = preSolution
		HideSolutionNode = FALSE
	EndGlobalSection
	GlobalSection(ExtensibilityGlobals) = postSolution
		SolutionGuid = {318B6BC7-DB0F-48F7-8DB5-34FBC530D518}
	EndGlobalSection
EndGlobal
